
Microsoft Visual Studio Solution File, Format Version 12.00
# Visual Studio Version 17
VisualStudioVersion = 17.2.32616.157
MinimumVisualStudioVersion = 10.0.40219.1
Project("{FAE04EC0-301F-11D3-BF4B-00C04F79EFBC}") = "Lab2 Number Analyzer", "Lab2 Number Analyzer\Lab2 Number Analyzer.csproj", "{A60EA8AE-5FDD-4D7E-876F-1E86B47A9550}"
EndProject
Global
	GlobalSection(SolutionConfigurationPlatforms) = preSolution
		Debug|Any CPU = Debug|Any CPU
		Release|Any CPU = Release|Any CPU
	EndGlobalSection
	GlobalSection(ProjectConfigurationPlatforms) = postSolution
		{A60EA8AE-5FDD-4D7E-876F-1E86B47A9550}.Debug|Any CPU.ActiveCfg = Debug|Any CPU
		{A60EA8AE-5FDD-4D7E-876F-1E86B47A9550}.Debug|Any CPU.Build.0 = Debug|Any CPU
		{A60EA8AE-5FDD-4D7E-876F-1E86B47A9550}.Release|Any CPU.ActiveCfg = Release|Any CPU
		{A60EA8AE-5FDD-4D7E-876F-1E86B47A9550}.Release|Any CPU.Build.0 = Release|Any CPU
	EndGlobalSection
	GlobalSection(SolutionProperties) = preSolution
		HideSolutionNode = FALSE
	EndGlobalSection
	GlobalSection(ExtensibilityGlobals) = postSolution
		SolutionGuid = {12B6E72F-143F-49BF-AADC-CC3F1A9CC82A}
	EndGlobalSection
EndGlobal
